// !$*UTF8*$!
{
	archiveVersion = 1;
	classes = {
	};
	objectVersion = 56;
	objects = {

/* Begin PBXBuildFile section */
		1E8DD0DF2A6386440046A0D1 /* GenerationsView.swift in Sources */ = {isa = PBXBuildFile; fileRef = 1E8DD0DE2A6386440046A0D1 /* GenerationsView.swift */; };
		1E9D84022A61C7C8005F11F7 /* Images.swift in Sources */ = {isa = PBXBuildFile; fileRef = 1E9D84012A61C7C8005F11F7 /* Images.swift */; };
		1E9D84042A61CA11005F11F7 /* PokemonDataViewModel.swift in Sources */ = {isa = PBXBuildFile; fileRef = 1E9D84032A61CA11005F11F7 /* PokemonDataViewModel.swift */; };
		1E9D84062A61D3C5005F11F7 /* ToolbarView.swift in Sources */ = {isa = PBXBuildFile; fileRef = 1E9D84052A61D3C5005F11F7 /* ToolbarView.swift */; };
		1ED2D0082A5FBD0A003AC2F4 /* CardView.swift in Sources */ = {isa = PBXBuildFile; fileRef = 1ED2D0072A5FBD0A003AC2F4 /* CardView.swift */; };
		1ED2D00B2A5FBD45003AC2F4 /* PokemonViewModel.swift in Sources */ = {isa = PBXBuildFile; fileRef = 1ED2D00A2A5FBD45003AC2F4 /* PokemonViewModel.swift */; };
		1ED2D0112A5FC67C003AC2F4 /* Colors.swift in Sources */ = {isa = PBXBuildFile; fileRef = 1ED2D0102A5FC67C003AC2F4 /* Colors.swift */; };
		1ED405552A62E9F8001C9DCD /* FiltersView.swift in Sources */ = {isa = PBXBuildFile; fileRef = 1ED405542A62E9F8001C9DCD /* FiltersView.swift */; };
		1ED405582A62FB32001C9DCD /* Introspect in Frameworks */ = {isa = PBXBuildFile; productRef = 1ED405572A62FB32001C9DCD /* Introspect */; };
		1ED4055A2A62FC6D001C9DCD /* FiltersScrollView.swift in Sources */ = {isa = PBXBuildFile; fileRef = 1ED405592A62FC6D001C9DCD /* FiltersScrollView.swift */; };
		1ED4055F2A632443001C9DCD /* RangeSliderView.swift in Sources */ = {isa = PBXBuildFile; fileRef = 1ED4055E2A632443001C9DCD /* RangeSliderView.swift */; };
		1EDAECDD2A635FE00001BBE3 /* FiltersVerticalView.swift in Sources */ = {isa = PBXBuildFile; fileRef = 1EDAECDC2A635FE00001BBE3 /* FiltersVerticalView.swift */; };
		1EDAECDF2A6372440001BBE3 /* SortsView.swift in Sources */ = {isa = PBXBuildFile; fileRef = 1EDAECDE2A6372440001BBE3 /* SortsView.swift */; };
		1EDAECE12A6374610001BBE3 /* SortsButtonView.swift in Sources */ = {isa = PBXBuildFile; fileRef = 1EDAECE02A6374610001BBE3 /* SortsButtonView.swift */; };
		5F8A67B72981958D00A2B076 /* PokedexApp.swift in Sources */ = {isa = PBXBuildFile; fileRef = 5F8A67B62981958D00A2B076 /* PokedexApp.swift */; };
		5F8A67B92981958D00A2B076 /* ContentView.swift in Sources */ = {isa = PBXBuildFile; fileRef = 5F8A67B82981958D00A2B076 /* ContentView.swift */; };
		5F8A67BB2981959600A2B076 /* Assets.xcassets in Resources */ = {isa = PBXBuildFile; fileRef = 5F8A67BA2981959600A2B076 /* Assets.xcassets */; };
		5F8A67BE2981959600A2B076 /* Preview Assets.xcassets in Resources */ = {isa = PBXBuildFile; fileRef = 5F8A67BD2981959600A2B076 /* Preview Assets.xcassets */; };
		5FB28CD52982F3A600089A4C /* PokemonImageView.swift in Sources */ = {isa = PBXBuildFile; fileRef = 5FB28CD42982F3A600089A4C /* PokemonImageView.swift */; };
		5FB28CD82982F4FE00089A4C /* Pokemons.swift in Sources */ = {isa = PBXBuildFile; fileRef = 5FB28CD72982F4FE00089A4C /* Pokemons.swift */; };
		5FB28CDA2982F51B00089A4C /* PokemonData.swift in Sources */ = {isa = PBXBuildFile; fileRef = 5FB28CD92982F51B00089A4C /* PokemonData.swift */; };
/* End PBXBuildFile section */

/* Begin PBXFileReference section */
		1E8DD0DE2A6386440046A0D1 /* GenerationsView.swift */ = {isa = PBXFileReference; lastKnownFileType = sourcecode.swift; path = GenerationsView.swift; sourceTree = "<group>"; };
		1E9D84012A61C7C8005F11F7 /* Images.swift */ = {isa = PBXFileReference; lastKnownFileType = sourcecode.swift; path = Images.swift; sourceTree = "<group>"; };
		1E9D84032A61CA11005F11F7 /* PokemonDataViewModel.swift */ = {isa = PBXFileReference; lastKnownFileType = sourcecode.swift; path = PokemonDataViewModel.swift; sourceTree = "<group>"; };
		1E9D84052A61D3C5005F11F7 /* ToolbarView.swift */ = {isa = PBXFileReference; lastKnownFileType = sourcecode.swift; path = ToolbarView.swift; sourceTree = "<group>"; };
		1ED2D0072A5FBD0A003AC2F4 /* CardView.swift */ = {isa = PBXFileReference; lastKnownFileType = sourcecode.swift; path = CardView.swift; sourceTree = "<group>"; };
		1ED2D00A2A5FBD45003AC2F4 /* PokemonViewModel.swift */ = {isa = PBXFileReference; lastKnownFileType = sourcecode.swift; path = PokemonViewModel.swift; sourceTree = "<group>"; };
		1ED2D0102A5FC67C003AC2F4 /* Colors.swift */ = {isa = PBXFileReference; lastKnownFileType = sourcecode.swift; path = Colors.swift; sourceTree = "<group>"; };
		1ED405542A62E9F8001C9DCD /* FiltersView.swift */ = {isa = PBXFileReference; lastKnownFileType = sourcecode.swift; path = FiltersView.swift; sourceTree = "<group>"; };
		1ED405592A62FC6D001C9DCD /* FiltersScrollView.swift */ = {isa = PBXFileReference; lastKnownFileType = sourcecode.swift; path = FiltersScrollView.swift; sourceTree = "<group>"; };
		1ED4055E2A632443001C9DCD /* RangeSliderView.swift */ = {isa = PBXFileReference; lastKnownFileType = sourcecode.swift; path = RangeSliderView.swift; sourceTree = "<group>"; };
		1EDAECDC2A635FE00001BBE3 /* FiltersVerticalView.swift */ = {isa = PBXFileReference; lastKnownFileType = sourcecode.swift; path = FiltersVerticalView.swift; sourceTree = "<group>"; };
		1EDAECDE2A6372440001BBE3 /* SortsView.swift */ = {isa = PBXFileReference; lastKnownFileType = sourcecode.swift; path = SortsView.swift; sourceTree = "<group>"; };
		1EDAECE02A6374610001BBE3 /* SortsButtonView.swift */ = {isa = PBXFileReference; lastKnownFileType = sourcecode.swift; path = SortsButtonView.swift; sourceTree = "<group>"; };
		5F8A67B32981958D00A2B076 /* Pokedex.app */ = {isa = PBXFileReference; explicitFileType = wrapper.application; includeInIndex = 0; path = Pokedex.app; sourceTree = BUILT_PRODUCTS_DIR; };
		5F8A67B62981958D00A2B076 /* PokedexApp.swift */ = {isa = PBXFileReference; lastKnownFileType = sourcecode.swift; path = PokedexApp.swift; sourceTree = "<group>"; };
		5F8A67B82981958D00A2B076 /* ContentView.swift */ = {isa = PBXFileReference; lastKnownFileType = sourcecode.swift; path = ContentView.swift; sourceTree = "<group>"; };
		5F8A67BA2981959600A2B076 /* Assets.xcassets */ = {isa = PBXFileReference; lastKnownFileType = folder.assetcatalog; path = Assets.xcassets; sourceTree = "<group>"; };
		5F8A67BD2981959600A2B076 /* Preview Assets.xcassets */ = {isa = PBXFileReference; lastKnownFileType = folder.assetcatalog; path = "Preview Assets.xcassets"; sourceTree = "<group>"; };
		5FB28CD42982F3A600089A4C /* PokemonImageView.swift */ = {isa = PBXFileReference; lastKnownFileType = sourcecode.swift; path = PokemonImageView.swift; sourceTree = "<group>"; };
		5FB28CD72982F4FE00089A4C /* Pokemons.swift */ = {isa = PBXFileReference; lastKnownFileType = sourcecode.swift; path = Pokemons.swift; sourceTree = "<group>"; };
		5FB28CD92982F51B00089A4C /* PokemonData.swift */ = {isa = PBXFileReference; lastKnownFileType = sourcecode.swift; path = PokemonData.swift; sourceTree = "<group>"; };
/* End PBXFileReference section */

/* Begin PBXFrameworksBuildPhase section */
		5F8A67B02981958D00A2B076 /* Frameworks */ = {
			isa = PBXFrameworksBuildPhase;
			buildActionMask = 2147483647;
			files = (
				1ED405582A62FB32001C9DCD /* Introspect in Frameworks */,
			);
			runOnlyForDeploymentPostprocessing = 0;
		};
/* End PBXFrameworksBuildPhase section */

/* Begin PBXGroup section */
		1ED2D0092A5FBD28003AC2F4 /* ViewModel */ = {
			isa = PBXGroup;
			children = (
				1ED2D00A2A5FBD45003AC2F4 /* PokemonViewModel.swift */,
				1E9D84032A61CA11005F11F7 /* PokemonDataViewModel.swift */,
			);
			path = ViewModel;
			sourceTree = "<group>";
		};
		1ED2D00C2A5FBF1D003AC2F4 /* Main */ = {
			isa = PBXGroup;
			children = (
				5F8A67B82981958D00A2B076 /* ContentView.swift */,
			);
			path = Main;
			sourceTree = "<group>";
		};
		1ED2D00D2A5FBF2B003AC2F4 /* Components */ = {
			isa = PBXGroup;
			children = (
				1ED2D0072A5FBD0A003AC2F4 /* CardView.swift */,
				1E9D84052A61D3C5005F11F7 /* ToolbarView.swift */,
				1ED405592A62FC6D001C9DCD /* FiltersScrollView.swift */,
				1ED4055E2A632443001C9DCD /* RangeSliderView.swift */,
				1EDAECDC2A635FE00001BBE3 /* FiltersVerticalView.swift */,
				1EDAECE02A6374610001BBE3 /* SortsButtonView.swift */,
			);
			path = Components;
			sourceTree = "<group>";
		};
		1ED2D00E2A5FBF34003AC2F4 /* Detail */ = {
			isa = PBXGroup;
			children = (
				5FB28CD42982F3A600089A4C /* PokemonImageView.swift */,
				1ED405542A62E9F8001C9DCD /* FiltersView.swift */,
				1EDAECDE2A6372440001BBE3 /* SortsView.swift */,
				1E8DD0DE2A6386440046A0D1 /* GenerationsView.swift */,
			);
			path = Detail;
			sourceTree = "<group>";
		};
		1ED2D00F2A5FC667003AC2F4 /* Extensions */ = {
			isa = PBXGroup;
			children = (
				1ED2D0102A5FC67C003AC2F4 /* Colors.swift */,
				1E9D84012A61C7C8005F11F7 /* Images.swift */,
			);
			path = Extensions;
			sourceTree = "<group>";
		};
		5F8A67AA2981958D00A2B076 = {
			isa = PBXGroup;
			children = (
				5F8A67B52981958D00A2B076 /* Pokedex */,
				5F8A67B42981958D00A2B076 /* Products */,
			);
			sourceTree = "<group>";
		};
		5F8A67B42981958D00A2B076 /* Products */ = {
			isa = PBXGroup;
			children = (
				5F8A67B32981958D00A2B076 /* Pokedex.app */,
			);
			name = Products;
			sourceTree = "<group>";
		};
		5F8A67B52981958D00A2B076 /* Pokedex */ = {
			isa = PBXGroup;
			children = (
				1ED2D00F2A5FC667003AC2F4 /* Extensions */,
				1ED2D0092A5FBD28003AC2F4 /* ViewModel */,
				5FB28CD62982F4F000089A4C /* Model */,
				5FB28CD22982F36E00089A4C /* View */,
				5F8A67B62981958D00A2B076 /* PokedexApp.swift */,
				5F8A67BA2981959600A2B076 /* Assets.xcassets */,
				5F8A67BC2981959600A2B076 /* Preview Content */,
			);
			path = Pokedex;
			sourceTree = "<group>";
		};
		5F8A67BC2981959600A2B076 /* Preview Content */ = {
			isa = PBXGroup;
			children = (
				5F8A67BD2981959600A2B076 /* Preview Assets.xcassets */,
			);
			path = "Preview Content";
			sourceTree = "<group>";
		};
		5FB28CD22982F36E00089A4C /* View */ = {
			isa = PBXGroup;
			children = (
				1ED2D00E2A5FBF34003AC2F4 /* Detail */,
				1ED2D00D2A5FBF2B003AC2F4 /* Components */,
				1ED2D00C2A5FBF1D003AC2F4 /* Main */,
			);
			path = View;
			sourceTree = "<group>";
		};
		5FB28CD62982F4F000089A4C /* Model */ = {
			isa = PBXGroup;
			children = (
				5FB28CD72982F4FE00089A4C /* Pokemons.swift */,
				5FB28CD92982F51B00089A4C /* PokemonData.swift */,
			);
			path = Model;
			sourceTree = "<group>";
		};
/* End PBXGroup section */

/* Begin PBXNativeTarget section */
		5F8A67B22981958D00A2B076 /* Pokedex */ = {
			isa = PBXNativeTarget;
			buildConfigurationList = 5F8A67C12981959600A2B076 /* Build configuration list for PBXNativeTarget "Pokedex" */;
			buildPhases = (
				5F8A67AF2981958D00A2B076 /* Sources */,
				5F8A67B02981958D00A2B076 /* Frameworks */,
				5F8A67B12981958D00A2B076 /* Resources */,
			);
			buildRules = (
			);
			dependencies = (
			);
			name = Pokedex;
			packageProductDependencies = (
				1ED405572A62FB32001C9DCD /* Introspect */,
			);
			productName = Pokedex;
			productReference = 5F8A67B32981958D00A2B076 /* Pokedex.app */;
			productType = "com.apple.product-type.application";
		};
/* End PBXNativeTarget section */

/* Begin PBXProject section */
		5F8A67AB2981958D00A2B076 /* Project object */ = {
			isa = PBXProject;
			attributes = {
				BuildIndependentTargetsInParallel = 1;
				LastSwiftUpdateCheck = 1420;
				LastUpgradeCheck = 1420;
				TargetAttributes = {
					5F8A67B22981958D00A2B076 = {
						CreatedOnToolsVersion = 14.2;
					};
				};
			};
			buildConfigurationList = 5F8A67AE2981958D00A2B076 /* Build configuration list for PBXProject "Pokedex" */;
			compatibilityVersion = "Xcode 14.0";
			developmentRegion = en;
			hasScannedForEncodings = 0;
			knownRegions = (
				en,
				Base,
			);
			mainGroup = 5F8A67AA2981958D00A2B076;
			packageReferences = (
				1ED405562A62FB32001C9DCD /* XCRemoteSwiftPackageReference "SwiftUI-Introspect" */,
			);
			productRefGroup = 5F8A67B42981958D00A2B076 /* Products */;
			projectDirPath = "";
			projectRoot = "";
			targets = (
				5F8A67B22981958D00A2B076 /* Pokedex */,
			);
		};
/* End PBXProject section */

/* Begin PBXResourcesBuildPhase section */
		5F8A67B12981958D00A2B076 /* Resources */ = {
			isa = PBXResourcesBuildPhase;
			buildActionMask = 2147483647;
			files = (
				5F8A67BE2981959600A2B076 /* Preview Assets.xcassets in Resources */,
				5F8A67BB2981959600A2B076 /* Assets.xcassets in Resources */,
			);
			runOnlyForDeploymentPostprocessing = 0;
		};
/* End PBXResourcesBuildPhase section */

/* Begin PBXSourcesBuildPhase section */
		5F8A67AF2981958D00A2B076 /* Sources */ = {
			isa = PBXSourcesBuildPhase;
			buildActionMask = 2147483647;
			files = (
				1EDAECDF2A6372440001BBE3 /* SortsView.swift in Sources */,
				1E9D84062A61D3C5005F11F7 /* ToolbarView.swift in Sources */,
				5FB28CDA2982F51B00089A4C /* PokemonData.swift in Sources */,
				1ED2D0112A5FC67C003AC2F4 /* Colors.swift in Sources */,
				1ED4055F2A632443001C9DCD /* RangeSliderView.swift in Sources */,
				1E9D84042A61CA11005F11F7 /* PokemonDataViewModel.swift in Sources */,
				1ED405552A62E9F8001C9DCD /* FiltersView.swift in Sources */,
				5F8A67B92981958D00A2B076 /* ContentView.swift in Sources */,
				5FB28CD82982F4FE00089A4C /* Pokemons.swift in Sources */,
				1E9D84022A61C7C8005F11F7 /* Images.swift in Sources */,
				1E8DD0DF2A6386440046A0D1 /* GenerationsView.swift in Sources */,
				1EDAECDD2A635FE00001BBE3 /* FiltersVerticalView.swift in Sources */,
				5F8A67B72981958D00A2B076 /* PokedexApp.swift in Sources */,
				1ED2D00B2A5FBD45003AC2F4 /* PokemonViewModel.swift in Sources */,
				5FB28CD52982F3A600089A4C /* PokemonImageView.swift in Sources */,
				1EDAECE12A6374610001BBE3 /* SortsButtonView.swift in Sources */,
				1ED4055A2A62FC6D001C9DCD /* FiltersScrollView.swift in Sources */,
				1ED2D0082A5FBD0A003AC2F4 /* CardView.swift in Sources */,
			);
			runOnlyForDeploymentPostprocessing = 0;
		};
/* End PBXSourcesBuildPhase section */

/* Begin XCBuildConfiguration section */
		5F8A67BF2981959600A2B076 /* Debug */ = {
			isa = XCBuildConfiguration;
			buildSettings = {
				ALWAYS_SEARCH_USER_PATHS = NO;
				CLANG_ANALYZER_NONNULL = YES;
				CLANG_ANALYZER_NUMBER_OBJECT_CONVERSION = YES_AGGRESSIVE;
				CLANG_CXX_LANGUAGE_STANDARD = "gnu++20";
				CLANG_ENABLE_MODULES = YES;
				CLANG_ENABLE_OBJC_ARC = YES;
				CLANG_ENABLE_OBJC_WEAK = YES;
				CLANG_WARN_BLOCK_CAPTURE_AUTORELEASING = YES;
				CLANG_WARN_BOOL_CONVERSION = YES;
				CLANG_WARN_COMMA = YES;
				CLANG_WARN_CONSTANT_CONVERSION = YES;
				CLANG_WARN_DEPRECATED_OBJC_IMPLEMENTATIONS = YES;
				CLANG_WARN_DIRECT_OBJC_ISA_USAGE = YES_ERROR;
				CLANG_WARN_DOCUMENTATION_COMMENTS = YES;
				CLANG_WARN_EMPTY_BODY = YES;
				CLANG_WARN_ENUM_CONVERSION = YES;
				CLANG_WARN_INFINITE_RECURSION = YES;
				CLANG_WARN_INT_CONVERSION = YES;
				CLANG_WARN_NON_LITERAL_NULL_CONVERSION = YES;
				CLANG_WARN_OBJC_IMPLICIT_RETAIN_SELF = YES;
				CLANG_WARN_OBJC_LITERAL_CONVERSION = YES;
				CLANG_WARN_OBJC_ROOT_CLASS = YES_ERROR;
				CLANG_WARN_QUOTED_INCLUDE_IN_FRAMEWORK_HEADER = YES;
				CLANG_WARN_RANGE_LOOP_ANALYSIS = YES;
				CLANG_WARN_STRICT_PROTOTYPES = YES;
				CLANG_WARN_SUSPICIOUS_MOVE = YES;
				CLANG_WARN_UNGUARDED_AVAILABILITY = YES_AGGRESSIVE;
				CLANG_WARN_UNREACHABLE_CODE = YES;
				CLANG_WARN__DUPLICATE_METHOD_MATCH = YES;
				COPY_PHASE_STRIP = NO;
				DEBUG_INFORMATION_FORMAT = dwarf;
				ENABLE_STRICT_OBJC_MSGSEND = YES;
				ENABLE_TESTABILITY = YES;
				GCC_C_LANGUAGE_STANDARD = gnu11;
				GCC_DYNAMIC_NO_PIC = NO;
				GCC_NO_COMMON_BLOCKS = YES;
				GCC_OPTIMIZATION_LEVEL = 0;
				GCC_PREPROCESSOR_DEFINITIONS = (
					"DEBUG=1",
					"$(inherited)",
				);
				GCC_WARN_64_TO_32_BIT_CONVERSION = YES;
				GCC_WARN_ABOUT_RETURN_TYPE = YES_ERROR;
				GCC_WARN_UNDECLARED_SELECTOR = YES;
				GCC_WARN_UNINITIALIZED_AUTOS = YES_AGGRESSIVE;
				GCC_WARN_UNUSED_FUNCTION = YES;
				GCC_WARN_UNUSED_VARIABLE = YES;
				IPHONEOS_DEPLOYMENT_TARGET = 16.2;
				MTL_ENABLE_DEBUG_INFO = INCLUDE_SOURCE;
				MTL_FAST_MATH = YES;
				ONLY_ACTIVE_ARCH = YES;
				SDKROOT = iphoneos;
				SWIFT_ACTIVE_COMPILATION_CONDITIONS = DEBUG;
				SWIFT_OPTIMIZATION_LEVEL = "-Onone";
			};
			name = Debug;
		};
		5F8A67C02981959600A2B076 /* Release */ = {
			isa = XCBuildConfiguration;
			buildSettings = {
				ALWAYS_SEARCH_USER_PATHS = NO;
				CLANG_ANALYZER_NONNULL = YES;
				CLANG_ANALYZER_NUMBER_OBJECT_CONVERSION = YES_AGGRESSIVE;
				CLANG_CXX_LANGUAGE_STANDARD = "gnu++20";
				CLANG_ENABLE_MODULES = YES;
				CLANG_ENABLE_OBJC_ARC = YES;
				CLANG_ENABLE_OBJC_WEAK = YES;
				CLANG_WARN_BLOCK_CAPTURE_AUTORELEASING = YES;
				CLANG_WARN_BOOL_CONVERSION = YES;
				CLANG_WARN_COMMA = YES;
				CLANG_WARN_CONSTANT_CONVERSION = YES;
				CLANG_WARN_DEPRECATED_OBJC_IMPLEMENTATIONS = YES;
				CLANG_WARN_DIRECT_OBJC_ISA_USAGE = YES_ERROR;
				CLANG_WARN_DOCUMENTATION_COMMENTS = YES;
				CLANG_WARN_EMPTY_BODY = YES;
				CLANG_WARN_ENUM_CONVERSION = YES;
				CLANG_WARN_INFINITE_RECURSION = YES;
				CLANG_WARN_INT_CONVERSION = YES;
				CLANG_WARN_NON_LITERAL_NULL_CONVERSION = YES;
				CLANG_WARN_OBJC_IMPLICIT_RETAIN_SELF = YES;
				CLANG_WARN_OBJC_LITERAL_CONVERSION = YES;
				CLANG_WARN_OBJC_ROOT_CLASS = YES_ERROR;
				CLANG_WARN_QUOTED_INCLUDE_IN_FRAMEWORK_HEADER = YES;
				CLANG_WARN_RANGE_LOOP_ANALYSIS = YES;
				CLANG_WARN_STRICT_PROTOTYPES = YES;
				CLANG_WARN_SUSPICIOUS_MOVE = YES;
				CLANG_WARN_UNGUARDED_AVAILABILITY = YES_AGGRESSIVE;
				CLANG_WARN_UNREACHABLE_CODE = YES;
				CLANG_WARN__DUPLICATE_METHOD_MATCH = YES;
				COPY_PHASE_STRIP = NO;
				DEBUG_INFORMATION_FORMAT = "dwarf-with-dsym";
				ENABLE_NS_ASSERTIONS = NO;
				ENABLE_STRICT_OBJC_MSGSEND = YES;
				GCC_C_LANGUAGE_STANDARD = gnu11;
				GCC_NO_COMMON_BLOCKS = YES;
				GCC_WARN_64_TO_32_BIT_CONVERSION = YES;
				GCC_WARN_ABOUT_RETURN_TYPE = YES_ERROR;
				GCC_WARN_UNDECLARED_SELECTOR = YES;
				GCC_WARN_UNINITIALIZED_AUTOS = YES_AGGRESSIVE;
				GCC_WARN_UNUSED_FUNCTION = YES;
				GCC_WARN_UNUSED_VARIABLE = YES;
				IPHONEOS_DEPLOYMENT_TARGET = 16.2;
				MTL_ENABLE_DEBUG_INFO = NO;
				MTL_FAST_MATH = YES;
				SDKROOT = iphoneos;
				SWIFT_COMPILATION_MODE = wholemodule;
				SWIFT_OPTIMIZATION_LEVEL = "-O";
				VALIDATE_PRODUCT = YES;
			};
			name = Release;
		};
		5F8A67C22981959600A2B076 /* Debug */ = {
			isa = XCBuildConfiguration;
			buildSettings = {
				ASSETCATALOG_COMPILER_APPICON_NAME = AppIcon;
				ASSETCATALOG_COMPILER_GLOBAL_ACCENT_COLOR_NAME = AccentColor;
				CODE_SIGN_STYLE = Automatic;
				CURRENT_PROJECT_VERSION = 1;
				DEVELOPMENT_ASSET_PATHS = "\"Pokedex/Preview Content\"";
				DEVELOPMENT_TEAM = JL34VC68DN;
				ENABLE_PREVIEWS = YES;
				GENERATE_INFOPLIST_FILE = YES;
				INFOPLIST_KEY_UIApplicationSceneManifest_Generation = YES;
				INFOPLIST_KEY_UIApplicationSupportsIndirectInputEvents = YES;
				INFOPLIST_KEY_UILaunchScreen_Generation = YES;
				INFOPLIST_KEY_UISupportedInterfaceOrientations_iPad = "UIInterfaceOrientationPortrait UIInterfaceOrientationPortraitUpsideDown UIInterfaceOrientationLandscapeLeft UIInterfaceOrientationLandscapeRight";
				INFOPLIST_KEY_UISupportedInterfaceOrientations_iPhone = "UIInterfaceOrientationPortrait UIInterfaceOrientationLandscapeLeft UIInterfaceOrientationLandscapeRight";
				IPHONEOS_DEPLOYMENT_TARGET = 16.0;
				LD_RUNPATH_SEARCH_PATHS = (
					"$(inherited)",
					"@executable_path/Frameworks",
				);
				MARKETING_VERSION = 1.0;
				PRODUCT_BUNDLE_IDENTIFIER = com.ashborn.Pokedex;
				PRODUCT_NAME = "$(TARGET_NAME)";
				SWIFT_EMIT_LOC_STRINGS = YES;
				SWIFT_VERSION = 5.0;
				TARGETED_DEVICE_FAMILY = "1,2";
			};
			name = Debug;
		};
		5F8A67C32981959600A2B076 /* Release */ = {
			isa = XCBuildConfiguration;
			buildSettings = {
				ASSETCATALOG_COMPILER_APPICON_NAME = AppIcon;
				ASSETCATALOG_COMPILER_GLOBAL_ACCENT_COLOR_NAME = AccentColor;
				CODE_SIGN_STYLE = Automatic;
				CURRENT_PROJECT_VERSION = 1;
				DEVELOPMENT_ASSET_PATHS = "\"Pokedex/Preview Content\"";
				DEVELOPMENT_TEAM = JL34VC68DN;
				ENABLE_PREVIEWS = YES;
				GENERATE_INFOPLIST_FILE = YES;
				INFOPLIST_KEY_UIApplicationSceneManifest_Generation = YES;
				INFOPLIST_KEY_UIApplicationSupportsIndirectInputEvents = YES;
				INFOPLIST_KEY_UILaunchScreen_Generation = YES;
				INFOPLIST_KEY_UISupportedInterfaceOrientations_iPad = "UIInterfaceOrientationPortrait UIInterfaceOrientationPortraitUpsideDown UIInterfaceOrientationLandscapeLeft UIInterfaceOrientationLandscapeRight";
				INFOPLIST_KEY_UISupportedInterfaceOrientations_iPhone = "UIInterfaceOrientationPortrait UIInterfaceOrientationLandscapeLeft UIInterfaceOrientationLandscapeRight";
				IPHONEOS_DEPLOYMENT_TARGET = 16.0;
				LD_RUNPATH_SEARCH_PATHS = (
					"$(inherited)",
					"@executable_path/Frameworks",
				);
				MARKETING_VERSION = 1.0;
				PRODUCT_BUNDLE_IDENTIFIER = com.ashborn.Pokedex;
				PRODUCT_NAME = "$(TARGET_NAME)";
				SWIFT_EMIT_LOC_STRINGS = YES;
				SWIFT_VERSION = 5.0;
				TARGETED_DEVICE_FAMILY = "1,2";
			};
			name = Release;
		};
/* End XCBuildConfiguration section */

/* Begin XCConfigurationList section */
		5F8A67AE2981958D00A2B076 /* Build configuration list for PBXProject "Pokedex" */ = {
			isa = XCConfigurationList;
			buildConfigurations = (
				5F8A67BF2981959600A2B076 /* Debug */,
				5F8A67C02981959600A2B076 /* Release */,
			);
			defaultConfigurationIsVisible = 0;
			defaultConfigurationName = Release;
		};
		5F8A67C12981959600A2B076 /* Build configuration list for PBXNativeTarget "Pokedex" */ = {
			isa = XCConfigurationList;
			buildConfigurations = (
				5F8A67C22981959600A2B076 /* Debug */,
				5F8A67C32981959600A2B076 /* Release */,
			);
			defaultConfigurationIsVisible = 0;
			defaultConfigurationName = Release;
		};
/* End XCConfigurationList section */

/* Begin XCRemoteSwiftPackageReference section */
		1ED405562A62FB32001C9DCD /* XCRemoteSwiftPackageReference "SwiftUI-Introspect" */ = {
			isa = XCRemoteSwiftPackageReference;
			repositoryURL = "https://github.com/siteline/SwiftUI-Introspect";
			requirement = {
				kind = upToNextMajorVersion;
				minimumVersion = 0.9.1;
			};
		};
/* End XCRemoteSwiftPackageReference section */

/* Begin XCSwiftPackageProductDependency section */
		1ED405572A62FB32001C9DCD /* Introspect */ = {
			isa = XCSwiftPackageProductDependency;
			package = 1ED405562A62FB32001C9DCD /* XCRemoteSwiftPackageReference "SwiftUI-Introspect" */;
			productName = Introspect;
		};
/* End XCSwiftPackageProductDependency section */
	};
	rootObject = 5F8A67AB2981958D00A2B076 /* Project object */;
}
